
Microsoft Visual Studio Solution File, Format Version 12.00
# Visual Studio 15
VisualStudioVersion = 15.0.27130.2027
MinimumVisualStudioVersion = 10.0.40219.1
Project("{FAE04EC0-301F-11D3-BF4B-00C04F79EFBC}") = "AWLikeAPI", "AWLikeAPI\AWLikeAPI.csproj", "{44122547-7D8E-415B-9801-126A45F208DE}"
EndProject
Global
	GlobalSection(SolutionConfigurationPlatforms) = preSolution
		Debug|Any CPU = Debug|Any CPU
		Release|Any CPU = Release|Any CPU
	EndGlobalSection
	GlobalSection(ProjectConfigurationPlatforms) = postSolution
		{44122547-7D8E-415B-9801-126A45F208DE}.Debug|Any CPU.ActiveCfg = Debug|Any CPU
		{44122547-7D8E-415B-9801-126A45F208DE}.Debug|Any CPU.Build.0 = Debug|Any CPU
		{44122547-7D8E-415B-9801-126A45F208DE}.Release|Any CPU.ActiveCfg = Release|Any CPU
		{44122547-7D8E-415B-9801-126A45F208DE}.Release|Any CPU.Build.0 = Release|Any CPU
	EndGlobalSection
	GlobalSection(SolutionProperties) = preSolution
		HideSolutionNode = FALSE
	EndGlobalSection
	GlobalSection(ExtensibilityGlobals) = postSolution
		SolutionGuid = {8BBDEBA2-715A-41BA-A45F-6D7BB197249F}
	EndGlobalSection
EndGlobal
